// !$*UTF8*$!
{
	archiveVersion = 1;
	classes = {
	};
	objectVersion = 50;
	objects = {

/* Begin PBXBuildFile section */
		59CFFBAC23505B4000568E56 /* AppDelegate.swift in Sources */ = {isa = PBXBuildFile; fileRef = 59CFFBAB23505B4000568E56 /* AppDelegate.swift */; };
		59CFFBAE23505B4000568E56 /* ViewController.swift in Sources */ = {isa = PBXBuildFile; fileRef = 59CFFBAD23505B4000568E56 /* ViewController.swift */; };
		59CFFBB123505B4000568E56 /* Main.storyboard in Resources */ = {isa = PBXBuildFile; fileRef = 59CFFBAF23505B4000568E56 /* Main.storyboard */; };
		59CFFBB423505B4000568E56 /* pushApiHitting.xcdatamodeld in Sources */ = {isa = PBXBuildFile; fileRef = 59CFFBB223505B4000568E56 /* pushApiHitting.xcdatamodeld */; };
		59CFFBB623505B4100568E56 /* Assets.xcassets in Resources */ = {isa = PBXBuildFile; fileRef = 59CFFBB523505B4100568E56 /* Assets.xcassets */; };
		59CFFBB923505B4100568E56 /* LaunchScreen.storyboard in Resources */ = {isa = PBXBuildFile; fileRef = 59CFFBB723505B4100568E56 /* LaunchScreen.storyboard */; };
		59CFFBC523505CDE00568E56 /* ProfilePage.swift in Sources */ = {isa = PBXBuildFile; fileRef = 59CFFBC423505CDE00568E56 /* ProfilePage.swift */; };
/* End PBXBuildFile section */

/* Begin PBXFileReference section */
		59CFFBA823505B4000568E56 /* pushApiHitting.app */ = {isa = PBXFileReference; explicitFileType = wrapper.application; includeInIndex = 0; path = pushApiHitting.app; sourceTree = BUILT_PRODUCTS_DIR; };
		59CFFBAB23505B4000568E56 /* AppDelegate.swift */ = {isa = PBXFileReference; lastKnownFileType = sourcecode.swift; path = AppDelegate.swift; sourceTree = "<group>"; };
		59CFFBAD23505B4000568E56 /* ViewController.swift */ = {isa = PBXFileReference; lastKnownFileType = sourcecode.swift; path = ViewController.swift; sourceTree = "<group>"; };
		59CFFBB023505B4000568E56 /* Base */ = {isa = PBXFileReference; lastKnownFileType = file.storyboard; name = Base; path = Base.lproj/Main.storyboard; sourceTree = "<group>"; };
		59CFFBB323505B4000568E56 /* pushApiHitting.xcdatamodel */ = {isa = PBXFileReference; lastKnownFileType = wrapper.xcdatamodel; path = pushApiHitting.xcdatamodel; sourceTree = "<group>"; };
		59CFFBB523505B4100568E56 /* Assets.xcassets */ = {isa = PBXFileReference; lastKnownFileType = folder.assetcatalog; path = Assets.xcassets; sourceTree = "<group>"; };
		59CFFBB823505B4100568E56 /* Base */ = {isa = PBXFileReference; lastKnownFileType = file.storyboard; name = Base; path = Base.lproj/LaunchScreen.storyboard; sourceTree = "<group>"; };
		59CFFBBA23505B4100568E56 /* Info.plist */ = {isa = PBXFileReference; lastKnownFileType = text.plist.xml; path = Info.plist; sourceTree = "<group>"; };
		59CFFBC423505CDE00568E56 /* ProfilePage.swift */ = {isa = PBXFileReference; lastKnownFileType = sourcecode.swift; path = ProfilePage.swift; sourceTree = "<group>"; };
/* End PBXFileReference section */

/* Begin PBXFrameworksBuildPhase section */
		59CFFBA523505B4000568E56 /* Frameworks */ = {
			isa = PBXFrameworksBuildPhase;
			buildActionMask = 2147483647;
			files = (
			);
			runOnlyForDeploymentPostprocessing = 0;
		};
/* End PBXFrameworksBuildPhase section */

/* Begin PBXGroup section */
		59CFFB9F23505B4000568E56 = {
			isa = PBXGroup;
			children = (
				59CFFBAA23505B4000568E56 /* pushApiHitting */,
				59CFFBA923505B4000568E56 /* Products */,
			);
			sourceTree = "<group>";
		};
		59CFFBA923505B4000568E56 /* Products */ = {
			isa = PBXGroup;
			children = (
				59CFFBA823505B4000568E56 /* pushApiHitting.app */,
			);
			name = Products;
			sourceTree = "<group>";
		};
		59CFFBAA23505B4000568E56 /* pushApiHitting */ = {
			isa = PBXGroup;
			children = (
				59CFFBAB23505B4000568E56 /* AppDelegate.swift */,
				59CFFBAD23505B4000568E56 /* ViewController.swift */,
				59CFFBAF23505B4000568E56 /* Main.storyboard */,
				59CFFBB523505B4100568E56 /* Assets.xcassets */,
				59CFFBB723505B4100568E56 /* LaunchScreen.storyboard */,
				59CFFBBA23505B4100568E56 /* Info.plist */,
				59CFFBB223505B4000568E56 /* pushApiHitting.xcdatamodeld */,
				59CFFBC423505CDE00568E56 /* ProfilePage.swift */,
			);
			path = pushApiHitting;
			sourceTree = "<group>";
		};
/* End PBXGroup section */

/* Begin PBXNativeTarget section */
		59CFFBA723505B4000568E56 /* pushApiHitting */ = {
			isa = PBXNativeTarget;
			buildConfigurationList = 59CFFBBD23505B4100568E56 /* Build configuration list for PBXNativeTarget "pushApiHitting" */;
			buildPhases = (
				59CFFBA423505B4000568E56 /* Sources */,
				59CFFBA523505B4000568E56 /* Frameworks */,
				59CFFBA623505B4000568E56 /* Resources */,
			);
			buildRules = (
			);
			dependencies = (
			);
			name = pushApiHitting;
			productName = pushApiHitting;
			productReference = 59CFFBA823505B4000568E56 /* pushApiHitting.app */;
			productType = "com.apple.product-type.application";
		};
/* End PBXNativeTarget section */

/* Begin PBXProject section */
		59CFFBA023505B4000568E56 /* Project object */ = {
			isa = PBXProject;
			attributes = {
				LastSwiftUpdateCheck = 1030;
				LastUpgradeCheck = 1030;
				ORGANIZATIONNAME = deltaschool;
				TargetAttributes = {
					59CFFBA723505B4000568E56 = {
						CreatedOnToolsVersion = 10.3;
					};
				};
			};
			buildConfigurationList = 59CFFBA323505B4000568E56 /* Build configuration list for PBXProject "pushApiHitting" */;
			compatibilityVersion = "Xcode 9.3";
			developmentRegion = en;
			hasScannedForEncodings = 0;
			knownRegions = (
				en,
				Base,
			);
			mainGroup = 59CFFB9F23505B4000568E56;
			productRefGroup = 59CFFBA923505B4000568E56 /* Products */;
			projectDirPath = "";
			projectRoot = "";
			targets = (
				59CFFBA723505B4000568E56 /* pushApiHitting */,
			);
		};
/* End PBXProject section */

/* Begin PBXResourcesBuildPhase section */
		59CFFBA623505B4000568E56 /* Resources */ = {
			isa = PBXResourcesBuildPhase;
			buildActionMask = 2147483647;
			files = (
				59CFFBB923505B4100568E56 /* LaunchScreen.storyboard in Resources */,
				59CFFBB623505B4100568E56 /* Assets.xcassets in Resources */,
				59CFFBB123505B4000568E56 /* Main.storyboard in Resources */,
			);
			runOnlyForDeploymentPostprocessing = 0;
		};
/* End PBXResourcesBuildPhase section */

/* Begin PBXSourcesBuildPhase section */
		59CFFBA423505B4000568E56 /* Sources */ = {
			isa = PBXSourcesBuildPhase;
			buildActionMask = 2147483647;
			files = (
				59CFFBAE23505B4000568E56 /* ViewController.swift in Sources */,
				59CFFBB423505B4000568E56 /* pushApiHitting.xcdatamodeld in Sources */,
				59CFFBC523505CDE00568E56 /* ProfilePage.swift in Sources */,
				59CFFBAC23505B4000568E56 /* AppDelegate.swift in Sources */,
			);
			runOnlyForDeploymentPostprocessing = 0;
		};
/* End PBXSourcesBuildPhase section */

/* Begin PBXVariantGroup section */
		59CFFBAF23505B4000568E56 /* Main.storyboard */ = {
			isa = PBXVariantGroup;
			children = (
				59CFFBB023505B4000568E56 /* Base */,
			);
			name = Main.storyboard;
			sourceTree = "<group>";
		};
		59CFFBB723505B4100568E56 /* LaunchScreen.storyboard */ = {
			isa = PBXVariantGroup;
			children = (
				59CFFBB823505B4100568E56 /* Base */,
			);
			name = LaunchScreen.storyboard;
			sourceTree = "<group>";
		};
/* End PBXVariantGroup section */

/* Begin XCBuildConfiguration section */
		59CFFBBB23505B4100568E56 /* Debug */ = {
			isa = XCBuildConfiguration;
			buildSettings = {
				ALWAYS_SEARCH_USER_PATHS = NO;
				CLANG_ANALYZER_NONNULL = YES;
				CLANG_ANALYZER_NUMBER_OBJECT_CONVERSION = YES_AGGRESSIVE;
				CLANG_CXX_LANGUAGE_STANDARD = "gnu++14";
				CLANG_CXX_LIBRARY = "libc++";
				CLANG_ENABLE_MODULES = YES;
				CLANG_ENABLE_OBJC_ARC = YES;
				CLANG_ENABLE_OBJC_WEAK = YES;
				CLANG_WARN_BLOCK_CAPTURE_AUTORELEASING = YES;
				CLANG_WARN_BOOL_CONVERSION = YES;
				CLANG_WARN_COMMA = YES;
				CLANG_WARN_CONSTANT_CONVERSION = YES;
				CLANG_WARN_DEPRECATED_OBJC_IMPLEMENTATIONS = YES;
				CLANG_WARN_DIRECT_OBJC_ISA_USAGE = YES_ERROR;
				CLANG_WARN_DOCUMENTATION_COMMENTS = YES;
				CLANG_WARN_EMPTY_BODY = YES;
				CLANG_WARN_ENUM_CONVERSION = YES;
				CLANG_WARN_INFINITE_RECURSION = YES;
				CLANG_WARN_INT_CONVERSION = YES;
				CLANG_WARN_NON_LITERAL_NULL_CONVERSION = YES;
				CLANG_WARN_OBJC_IMPLICIT_RETAIN_SELF = YES;
				CLANG_WARN_OBJC_LITERAL_CONVERSION = YES;
				CLANG_WARN_OBJC_ROOT_CLASS = YES_ERROR;
				CLANG_WARN_RANGE_LOOP_ANALYSIS = YES;
				CLANG_WARN_STRICT_PROTOTYPES = YES;
				CLANG_WARN_SUSPICIOUS_MOVE = YES;
				CLANG_WARN_UNGUARDED_AVAILABILITY = YES_AGGRESSIVE;
				CLANG_WARN_UNREACHABLE_CODE = YES;
				CLANG_WARN__DUPLICATE_METHOD_MATCH = YES;
				CODE_SIGN_IDENTITY = "iPhone Developer";
				COPY_PHASE_STRIP = NO;
				DEBUG_INFORMATION_FORMAT = dwarf;
				ENABLE_STRICT_OBJC_MSGSEND = YES;
				ENABLE_TESTABILITY = YES;
				GCC_C_LANGUAGE_STANDARD = gnu11;
				GCC_DYNAMIC_NO_PIC = NO;
				GCC_NO_COMMON_BLOCKS = YES;
				GCC_OPTIMIZATION_LEVEL = 0;
				GCC_PREPROCESSOR_DEFINITIONS = (
					"DEBUG=1",
					"$(inherited)",
				);
				GCC_WARN_64_TO_32_BIT_CONVERSION = YES;
				GCC_WARN_ABOUT_RETURN_TYPE = YES_ERROR;
				GCC_WARN_UNDECLARED_SELECTOR = YES;
				GCC_WARN_UNINITIALIZED_AUTOS = YES_AGGRESSIVE;
				GCC_WARN_UNUSED_FUNCTION = YES;
				GCC_WARN_UNUSED_VARIABLE = YES;
				IPHONEOS_DEPLOYMENT_TARGET = 12.4;
				MTL_ENABLE_DEBUG_INFO = INCLUDE_SOURCE;
				MTL_FAST_MATH = YES;
				ONLY_ACTIVE_ARCH = YES;
				SDKROOT = iphoneos;
				SWIFT_ACTIVE_COMPILATION_CONDITIONS = DEBUG;
				SWIFT_OPTIMIZATION_LEVEL = "-Onone";
			};
			name = Debug;
		};
		59CFFBBC23505B4100568E56 /* Release */ = {
			isa = XCBuildConfiguration;
			buildSettings = {
				ALWAYS_SEARCH_USER_PATHS = NO;
				CLANG_ANALYZER_NONNULL = YES;
				CLANG_ANALYZER_NUMBER_OBJECT_CONVERSION = YES_AGGRESSIVE;
				CLANG_CXX_LANGUAGE_STANDARD = "gnu++14";
				CLANG_CXX_LIBRARY = "libc++";
				CLANG_ENABLE_MODULES = YES;
				CLANG_ENABLE_OBJC_ARC = YES;
				CLANG_ENABLE_OBJC_WEAK = YES;
				CLANG_WARN_BLOCK_CAPTURE_AUTORELEASING = YES;
				CLANG_WARN_BOOL_CONVERSION = YES;
				CLANG_WARN_COMMA = YES;
				CLANG_WARN_CONSTANT_CONVERSION = YES;
				CLANG_WARN_DEPRECATED_OBJC_IMPLEMENTATIONS = YES;
				CLANG_WARN_DIRECT_OBJC_ISA_USAGE = YES_ERROR;
				CLANG_WARN_DOCUMENTATION_COMMENTS = YES;
				CLANG_WARN_EMPTY_BODY = YES;
				CLANG_WARN_ENUM_CONVERSION = YES;
				CLANG_WARN_INFINITE_RECURSION = YES;
				CLANG_WARN_INT_CONVERSION = YES;
				CLANG_WARN_NON_LITERAL_NULL_CONVERSION = YES;
				CLANG_WARN_OBJC_IMPLICIT_RETAIN_SELF = YES;
				CLANG_WARN_OBJC_LITERAL_CONVERSION = YES;
				CLANG_WARN_OBJC_ROOT_CLASS = YES_ERROR;
				CLANG_WARN_RANGE_LOOP_ANALYSIS = YES;
				CLANG_WARN_STRICT_PROTOTYPES = YES;
				CLANG_WARN_SUSPICIOUS_MOVE = YES;
				CLANG_WARN_UNGUARDED_AVAILABILITY = YES_AGGRESSIVE;
				CLANG_WARN_UNREACHABLE_CODE = YES;
				CLANG_WARN__DUPLICATE_METHOD_MATCH = YES;
				CODE_SIGN_IDENTITY = "iPhone Developer";
				COPY_PHASE_STRIP = NO;
				DEBUG_INFORMATION_FORMAT = "dwarf-with-dsym";
				ENABLE_NS_ASSERTIONS = NO;
				ENABLE_STRICT_OBJC_MSGSEND = YES;
				GCC_C_LANGUAGE_STANDARD = gnu11;
				GCC_NO_COMMON_BLOCKS = YES;
				GCC_WARN_64_TO_32_BIT_CONVERSION = YES;
				GCC_WARN_ABOUT_RETURN_TYPE = YES_ERROR;
				GCC_WARN_UNDECLARED_SELECTOR = YES;
				GCC_WARN_UNINITIALIZED_AUTOS = YES_AGGRESSIVE;
				GCC_WARN_UNUSED_FUNCTION = YES;
				GCC_WARN_UNUSED_VARIABLE = YES;
				IPHONEOS_DEPLOYMENT_TARGET = 12.4;
				MTL_ENABLE_DEBUG_INFO = NO;
				MTL_FAST_MATH = YES;
				SDKROOT = iphoneos;
				SWIFT_COMPILATION_MODE = wholemodule;
				SWIFT_OPTIMIZATION_LEVEL = "-O";
				VALIDATE_PRODUCT = YES;
			};
			name = Release;
		};
		59CFFBBE23505B4100568E56 /* Debug */ = {
			isa = XCBuildConfiguration;
			buildSettings = {
				ASSETCATALOG_COMPILER_APPICON_NAME = AppIcon;
				CODE_SIGN_STYLE = Automatic;
				INFOPLIST_FILE = pushApiHitting/Info.plist;
				LD_RUNPATH_SEARCH_PATHS = (
					"$(inherited)",
					"@executable_path/Frameworks",
				);
				PRODUCT_BUNDLE_IDENTIFIER = clicklabs.pushApiHitting;
				PRODUCT_NAME = "$(TARGET_NAME)";
				SWIFT_VERSION = 5.0;
				TARGETED_DEVICE_FAMILY = "1,2";
			};
			name = Debug;
		};
		59CFFBBF23505B4100568E56 /* Release */ = {
			isa = XCBuildConfiguration;
			buildSettings = {
				ASSETCATALOG_COMPILER_APPICON_NAME = AppIcon;
				CODE_SIGN_STYLE = Automatic;
				INFOPLIST_FILE = pushApiHitting/Info.plist;
				LD_RUNPATH_SEARCH_PATHS = (
					"$(inherited)",
					"@executable_path/Frameworks",
				);
				PRODUCT_BUNDLE_IDENTIFIER = clicklabs.pushApiHitting;
				PRODUCT_NAME = "$(TARGET_NAME)";
				SWIFT_VERSION = 5.0;
				TARGETED_DEVICE_FAMILY = "1,2";
			};
			name = Release;
		};
/* End XCBuildConfiguration section */

/* Begin XCConfigurationList section */
		59CFFBA323505B4000568E56 /* Build configuration list for PBXProject "pushApiHitting" */ = {
			isa = XCConfigurationList;
			buildConfigurations = (
				59CFFBBB23505B4100568E56 /* Debug */,
				59CFFBBC23505B4100568E56 /* Release */,
			);
			defaultConfigurationIsVisible = 0;
			defaultConfigurationName = Release;
		};
		59CFFBBD23505B4100568E56 /* Build configuration list for PBXNativeTarget "pushApiHitting" */ = {
			isa = XCConfigurationList;
			buildConfigurations = (
				59CFFBBE23505B4100568E56 /* Debug */,
				59CFFBBF23505B4100568E56 /* Release */,
			);
			defaultConfigurationIsVisible = 0;
			defaultConfigurationName = Release;
		};
/* End XCConfigurationList section */

/* Begin XCVersionGroup section */
		59CFFBB223505B4000568E56 /* pushApiHitting.xcdatamodeld */ = {
			isa = XCVersionGroup;
			children = (
				59CFFBB323505B4000568E56 /* pushApiHitting.xcdatamodel */,
			);
			currentVersion = 59CFFBB323505B4000568E56 /* pushApiHitting.xcdatamodel */;
			path = pushApiHitting.xcdatamodeld;
			sourceTree = "<group>";
			versionGroupType = wrapper.xcdatamodel;
		};
/* End XCVersionGroup section */
	};
	rootObject = 59CFFBA023505B4000568E56 /* Project object */;
}
